
Microsoft Visual Studio Solution File, Format Version 11.00
# Visual Studio 2010
Project("{8BC9CEB8-8B4A-11D0-8D11-00A0C91BC942}") = "Layer", "Layer\Layer.vcxproj", "{BAEC88BF-CD66-4B29-9822-B786E5B54AB2}"
EndProject
Global
	GlobalSection(SolutionConfigurationPlatforms) = preSolution
		Debug|Win32 = Debug|Win32
		Release|Win32 = Release|Win32
	EndGlobalSection
	GlobalSection(ProjectConfigurationPlatforms) = postSolution
		{BAEC88BF-CD66-4B29-9822-B786E5B54AB2}.Debug|Win32.ActiveCfg = Debug|Win32
		{BAEC88BF-CD66-4B29-9822-B786E5B54AB2}.Debug|Win32.Build.0 = Debug|Win32
		{BAEC88BF-CD66-4B29-9822-B786E5B54AB2}.Release|Win32.ActiveCfg = Release|Win32
		{BAEC88BF-CD66-4B29-9822-B786E5B54AB2}.Release|Win32.Build.0 = Release|Win32
	EndGlobalSection
	GlobalSection(SolutionProperties) = preSolution
		HideSolutionNode = FALSE
	EndGlobalSection
EndGlobal
